
Microsoft Visual Studio Solution File, Format Version 12.00
# Visual Studio Version 17
VisualStudioVersion = 17.4.33213.308
MinimumVisualStudioVersion = 10.0.40219.1
Project("{FAE04EC0-301F-11D3-BF4B-00C04F79EFBC}") = "InstrumentControl", "InstrumentControl\InstrumentControl.csproj", "{B57A9A91-D599-44FA-87A0-AC18C98C891D}"
EndProject
Project("{FAE04EC0-301F-11D3-BF4B-00C04F79EFBC}") = "InstrumentDriverTest", "InstrumentDriverTest\InstrumentDriverTest.csproj", "{5657C427-BD63-4AEA-B6C5-F307C33E4B10}"
EndProject
Project("{8BC9CEB8-8B4A-11D0-8D11-00A0C91BC942}") = "CppDllTest", "CppDllTest\CppDllTest.vcxproj", "{CD754108-C302-442A-B0DF-EC3DF5A1BADD}"
EndProject
Project("{FAE04EC0-301F-11D3-BF4B-00C04F79EFBC}") = "LoadPullSystemControl", "LoadPullSystemControll\LoadPullSystemControl.csproj", "{67E60ABE-0A5F-4028-8E19-38452778281D}"
EndProject
Global
	GlobalSection(SolutionConfigurationPlatforms) = preSolution
		Debug|Any CPU = Debug|Any CPU
		Debug|x64 = Debug|x64
		Debug|x86 = Debug|x86
		Release|Any CPU = Release|Any CPU
		Release|x64 = Release|x64
		Release|x86 = Release|x86
	EndGlobalSection
	GlobalSection(ProjectConfigurationPlatforms) = postSolution
		{B57A9A91-D599-44FA-87A0-AC18C98C891D}.Debug|Any CPU.ActiveCfg = Debug|Any CPU
		{B57A9A91-D599-44FA-87A0-AC18C98C891D}.Debug|Any CPU.Build.0 = Debug|Any CPU
		{B57A9A91-D599-44FA-87A0-AC18C98C891D}.Debug|x64.ActiveCfg = Debug|Any CPU
		{B57A9A91-D599-44FA-87A0-AC18C98C891D}.Debug|x64.Build.0 = Debug|Any CPU
		{B57A9A91-D599-44FA-87A0-AC18C98C891D}.Debug|x86.ActiveCfg = Debug|Any CPU
		{B57A9A91-D599-44FA-87A0-AC18C98C891D}.Debug|x86.Build.0 = Debug|Any CPU
		{B57A9A91-D599-44FA-87A0-AC18C98C891D}.Release|Any CPU.ActiveCfg = Release|Any CPU
		{B57A9A91-D599-44FA-87A0-AC18C98C891D}.Release|Any CPU.Build.0 = Release|Any CPU
		{B57A9A91-D599-44FA-87A0-AC18C98C891D}.Release|x64.ActiveCfg = Release|Any CPU
		{B57A9A91-D599-44FA-87A0-AC18C98C891D}.Release|x64.Build.0 = Release|Any CPU
		{B57A9A91-D599-44FA-87A0-AC18C98C891D}.Release|x86.ActiveCfg = Release|Any CPU
		{B57A9A91-D599-44FA-87A0-AC18C98C891D}.Release|x86.Build.0 = Release|Any CPU
		{5657C427-BD63-4AEA-B6C5-F307C33E4B10}.Debug|Any CPU.ActiveCfg = Debug|Any CPU
		{5657C427-BD63-4AEA-B6C5-F307C33E4B10}.Debug|Any CPU.Build.0 = Debug|Any CPU
		{5657C427-BD63-4AEA-B6C5-F307C33E4B10}.Debug|x64.ActiveCfg = Debug|Any CPU
		{5657C427-BD63-4AEA-B6C5-F307C33E4B10}.Debug|x64.Build.0 = Debug|Any CPU
		{5657C427-BD63-4AEA-B6C5-F307C33E4B10}.Debug|x86.ActiveCfg = Debug|Any CPU
		{5657C427-BD63-4AEA-B6C5-F307C33E4B10}.Debug|x86.Build.0 = Debug|Any CPU
		{5657C427-BD63-4AEA-B6C5-F307C33E4B10}.Release|Any CPU.ActiveCfg = Release|Any CPU
		{5657C427-BD63-4AEA-B6C5-F307C33E4B10}.Release|Any CPU.Build.0 = Release|Any CPU
		{5657C427-BD63-4AEA-B6C5-F307C33E4B10}.Release|x64.ActiveCfg = Release|Any CPU
		{5657C427-BD63-4AEA-B6C5-F307C33E4B10}.Release|x64.Build.0 = Release|Any CPU
		{5657C427-BD63-4AEA-B6C5-F307C33E4B10}.Release|x86.ActiveCfg = Release|Any CPU
		{5657C427-BD63-4AEA-B6C5-F307C33E4B10}.Release|x86.Build.0 = Release|Any CPU
		{CD754108-C302-442A-B0DF-EC3DF5A1BADD}.Debug|Any CPU.ActiveCfg = Debug|x64
		{CD754108-C302-442A-B0DF-EC3DF5A1BADD}.Debug|Any CPU.Build.0 = Debug|x64
		{CD754108-C302-442A-B0DF-EC3DF5A1BADD}.Debug|x64.ActiveCfg = Debug|x64
		{CD754108-C302-442A-B0DF-EC3DF5A1BADD}.Debug|x64.Build.0 = Debug|x64
		{CD754108-C302-442A-B0DF-EC3DF5A1BADD}.Debug|x86.ActiveCfg = Debug|Win32
		{CD754108-C302-442A-B0DF-EC3DF5A1BADD}.Debug|x86.Build.0 = Debug|Win32
		{CD754108-C302-442A-B0DF-EC3DF5A1BADD}.Release|Any CPU.ActiveCfg = Release|x64
		{CD754108-C302-442A-B0DF-EC3DF5A1BADD}.Release|Any CPU.Build.0 = Release|x64
		{CD754108-C302-442A-B0DF-EC3DF5A1BADD}.Release|x64.ActiveCfg = Release|x64
		{CD754108-C302-442A-B0DF-EC3DF5A1BADD}.Release|x64.Build.0 = Release|x64
		{CD754108-C302-442A-B0DF-EC3DF5A1BADD}.Release|x86.ActiveCfg = Release|Win32
		{CD754108-C302-442A-B0DF-EC3DF5A1BADD}.Release|x86.Build.0 = Release|Win32
		{67E60ABE-0A5F-4028-8E19-38452778281D}.Debug|Any CPU.ActiveCfg = Debug|Any CPU
		{67E60ABE-0A5F-4028-8E19-38452778281D}.Debug|Any CPU.Build.0 = Debug|Any CPU
		{67E60ABE-0A5F-4028-8E19-38452778281D}.Debug|x64.ActiveCfg = Debug|Any CPU
		{67E60ABE-0A5F-4028-8E19-38452778281D}.Debug|x64.Build.0 = Debug|Any CPU
		{67E60ABE-0A5F-4028-8E19-38452778281D}.Debug|x86.ActiveCfg = Debug|Any CPU
		{67E60ABE-0A5F-4028-8E19-38452778281D}.Debug|x86.Build.0 = Debug|Any CPU
		{67E60ABE-0A5F-4028-8E19-38452778281D}.Release|Any CPU.ActiveCfg = Release|Any CPU
		{67E60ABE-0A5F-4028-8E19-38452778281D}.Release|Any CPU.Build.0 = Release|Any CPU
		{67E60ABE-0A5F-4028-8E19-38452778281D}.Release|x64.ActiveCfg = Release|Any CPU
		{67E60ABE-0A5F-4028-8E19-38452778281D}.Release|x64.Build.0 = Release|Any CPU
		{67E60ABE-0A5F-4028-8E19-38452778281D}.Release|x86.ActiveCfg = Release|Any CPU
		{67E60ABE-0A5F-4028-8E19-38452778281D}.Release|x86.Build.0 = Release|Any CPU
	EndGlobalSection
	GlobalSection(SolutionProperties) = preSolution
		HideSolutionNode = FALSE
	EndGlobalSection
	GlobalSection(ExtensibilityGlobals) = postSolution
		SolutionGuid = {30055FA4-9E2C-4282-A297-F6DC4DE2E561}
	EndGlobalSection
EndGlobal
