
Microsoft Visual Studio Solution File, Format Version 12.00
# Visual Studio Version 17
VisualStudioVersion = 17.4.33213.308
MinimumVisualStudioVersion = 10.0.40219.1
Project("{FAE04EC0-301F-11D3-BF4B-00C04F79EFBC}") = "InstrumentControl", "InstrumentControl.csproj", "{B57A9A91-D599-44FA-87A0-AC18C98C891D}"
EndProject
Project("{FAE04EC0-301F-11D3-BF4B-00C04F79EFBC}") = "InstrumentDriverTest", "..\InstrumentDriverTest\InstrumentDriverTest.csproj", "{5657C427-BD63-4AEA-B6C5-F307C33E4B10}"
EndProject
Global
	GlobalSection(SolutionConfigurationPlatforms) = preSolution
		Debug|Any CPU = Debug|Any CPU
		Release|Any CPU = Release|Any CPU
	EndGlobalSection
	GlobalSection(ProjectConfigurationPlatforms) = postSolution
		{B57A9A91-D599-44FA-87A0-AC18C98C891D}.Debug|Any CPU.ActiveCfg = Debug|Any CPU
		{B57A9A91-D599-44FA-87A0-AC18C98C891D}.Debug|Any CPU.Build.0 = Debug|Any CPU
		{B57A9A91-D599-44FA-87A0-AC18C98C891D}.Release|Any CPU.ActiveCfg = Release|Any CPU
		{B57A9A91-D599-44FA-87A0-AC18C98C891D}.Release|Any CPU.Build.0 = Release|Any CPU
		{5657C427-BD63-4AEA-B6C5-F307C33E4B10}.Debug|Any CPU.ActiveCfg = Debug|Any CPU
		{5657C427-BD63-4AEA-B6C5-F307C33E4B10}.Debug|Any CPU.Build.0 = Debug|Any CPU
		{5657C427-BD63-4AEA-B6C5-F307C33E4B10}.Release|Any CPU.ActiveCfg = Release|Any CPU
		{5657C427-BD63-4AEA-B6C5-F307C33E4B10}.Release|Any CPU.Build.0 = Release|Any CPU
	EndGlobalSection
	GlobalSection(SolutionProperties) = preSolution
		HideSolutionNode = FALSE
	EndGlobalSection
	GlobalSection(ExtensibilityGlobals) = postSolution
		SolutionGuid = {30055FA4-9E2C-4282-A297-F6DC4DE2E561}
	EndGlobalSection
EndGlobal
